
Microsoft Visual Studio Solution File, Format Version 12.00
# Visual Studio Version 16
VisualStudioVersion = 16.0.30907.101
MinimumVisualStudioVersion = 10.0.40219.1
Project("{9A19103F-16F7-4668-BE54-9A1E7A4F7556}") = "KatmanliMimariProject.API", "KatmanliMimariProject.API\KatmanliMimariProject.API.csproj", "{68E8C67E-E0C8-45E2-B1BE-C5197BBDC06A}"
EndProject
Project("{9A19103F-16F7-4668-BE54-9A1E7A4F7556}") = "KatmanliMimariProject.Core", "KatmanliMimariProject.Core\KatmanliMimariProject.Core.csproj", "{1D889348-9B1B-4128-810C-F31E68ED734D}"
EndProject
Project("{9A19103F-16F7-4668-BE54-9A1E7A4F7556}") = "KatmanliMimariProject.Data", "KatmanliMimariProject.Data\KatmanliMimariProject.Data.csproj", "{D2F7AAA6-C0AB-4886-B87C-3963FDF6FFE3}"
EndProject
Project("{9A19103F-16F7-4668-BE54-9A1E7A4F7556}") = "KatmanliMimariProject.Service", "KatmanliMimariProject.Service\KatmanliMimariProject.Service.csproj", "{CC4C8C59-E8B2-481D-82BF-FB3DA6A97656}"
EndProject
Project("{FAE04EC0-301F-11D3-BF4B-00C04F79EFBC}") = "KatmanliMimariProject.Web", "KatmanliMimariProject.Web\KatmanliMimariProject.Web.csproj", "{6D0B2A79-FAC1-4F7C-B2F5-C1F53A126DCC}"
EndProject
Global
	GlobalSection(SolutionConfigurationPlatforms) = preSolution
		Debug|Any CPU = Debug|Any CPU
		Release|Any CPU = Release|Any CPU
	EndGlobalSection
	GlobalSection(ProjectConfigurationPlatforms) = postSolution
		{68E8C67E-E0C8-45E2-B1BE-C5197BBDC06A}.Debug|Any CPU.ActiveCfg = Debug|Any CPU
		{68E8C67E-E0C8-45E2-B1BE-C5197BBDC06A}.Debug|Any CPU.Build.0 = Debug|Any CPU
		{68E8C67E-E0C8-45E2-B1BE-C5197BBDC06A}.Release|Any CPU.ActiveCfg = Release|Any CPU
		{68E8C67E-E0C8-45E2-B1BE-C5197BBDC06A}.Release|Any CPU.Build.0 = Release|Any CPU
		{1D889348-9B1B-4128-810C-F31E68ED734D}.Debug|Any CPU.ActiveCfg = Debug|Any CPU
		{1D889348-9B1B-4128-810C-F31E68ED734D}.Debug|Any CPU.Build.0 = Debug|Any CPU
		{1D889348-9B1B-4128-810C-F31E68ED734D}.Release|Any CPU.ActiveCfg = Release|Any CPU
		{1D889348-9B1B-4128-810C-F31E68ED734D}.Release|Any CPU.Build.0 = Release|Any CPU
		{D2F7AAA6-C0AB-4886-B87C-3963FDF6FFE3}.Debug|Any CPU.ActiveCfg = Debug|Any CPU
		{D2F7AAA6-C0AB-4886-B87C-3963FDF6FFE3}.Debug|Any CPU.Build.0 = Debug|Any CPU
		{D2F7AAA6-C0AB-4886-B87C-3963FDF6FFE3}.Release|Any CPU.ActiveCfg = Release|Any CPU
		{D2F7AAA6-C0AB-4886-B87C-3963FDF6FFE3}.Release|Any CPU.Build.0 = Release|Any CPU
		{CC4C8C59-E8B2-481D-82BF-FB3DA6A97656}.Debug|Any CPU.ActiveCfg = Debug|Any CPU
		{CC4C8C59-E8B2-481D-82BF-FB3DA6A97656}.Debug|Any CPU.Build.0 = Debug|Any CPU
		{CC4C8C59-E8B2-481D-82BF-FB3DA6A97656}.Release|Any CPU.ActiveCfg = Release|Any CPU
		{CC4C8C59-E8B2-481D-82BF-FB3DA6A97656}.Release|Any CPU.Build.0 = Release|Any CPU
		{6D0B2A79-FAC1-4F7C-B2F5-C1F53A126DCC}.Debug|Any CPU.ActiveCfg = Debug|Any CPU
		{6D0B2A79-FAC1-4F7C-B2F5-C1F53A126DCC}.Debug|Any CPU.Build.0 = Debug|Any CPU
		{6D0B2A79-FAC1-4F7C-B2F5-C1F53A126DCC}.Release|Any CPU.ActiveCfg = Release|Any CPU
		{6D0B2A79-FAC1-4F7C-B2F5-C1F53A126DCC}.Release|Any CPU.Build.0 = Release|Any CPU
	EndGlobalSection
	GlobalSection(SolutionProperties) = preSolution
		HideSolutionNode = FALSE
	EndGlobalSection
	GlobalSection(ExtensibilityGlobals) = postSolution
		SolutionGuid = {0B1024E4-074D-4431-A0D1-B06AA1440747}
	EndGlobalSection
EndGlobal
